
Microsoft Visual Studio Solution File, Format Version 12.00
# Visual Studio 15
VisualStudioVersion = 15.0.27703.2042
MinimumVisualStudioVersion = 10.0.40219.1
Project("{FAE04EC0-301F-11D3-BF4B-00C04F79EFBC}") = "STG", "STG\STG.csproj", "{F1580DCD-7645-4168-9652-6365B4843D99}"
EndProject
Global
	GlobalSection(SolutionConfigurationPlatforms) = preSolution
		Debug|Any CPU = Debug|Any CPU
		Release|Any CPU = Release|Any CPU
	EndGlobalSection
	GlobalSection(ProjectConfigurationPlatforms) = postSolution
		{F1580DCD-7645-4168-9652-6365B4843D99}.Debug|Any CPU.ActiveCfg = Debug|Any CPU
		{F1580DCD-7645-4168-9652-6365B4843D99}.Debug|Any CPU.Build.0 = Debug|Any CPU
		{F1580DCD-7645-4168-9652-6365B4843D99}.Release|Any CPU.ActiveCfg = Release|Any CPU
		{F1580DCD-7645-4168-9652-6365B4843D99}.Release|Any CPU.Build.0 = Release|Any CPU
	EndGlobalSection
	GlobalSection(SolutionProperties) = preSolution
		HideSolutionNode = FALSE
	EndGlobalSection
	GlobalSection(ExtensibilityGlobals) = postSolution
		SolutionGuid = {92995E47-9224-4143-84A2-E8216E0DD546}
	EndGlobalSection
EndGlobal
